
Microsoft Visual Studio Solution File, Format Version 12.00
# Visual Studio Version 17
VisualStudioVersion = 17.3.32825.248
MinimumVisualStudioVersion = 10.0.40219.1
Project("{9A19103F-16F7-4668-BE54-9A1E7A4F7556}") = "PxLanguagePlugin", "PxLanguagePlugin.csproj", "{8DC0DFDF-42CA-4992-A669-1A7AE73D561C}"
EndProject
Project("{FAE04EC0-301F-11D3-BF4B-00C04F79EFBC}") = "TestGaPluginNet", "..\TestGaPluginNet\TestGaPluginNet.csproj", "{4A019EDB-0A09-4ACA-B2E0-282FDAFC1A18}"
EndProject
Global
	GlobalSection(SolutionConfigurationPlatforms) = preSolution
		Debug|Any CPU = Debug|Any CPU
		Release|Any CPU = Release|Any CPU
	EndGlobalSection
	GlobalSection(ProjectConfigurationPlatforms) = postSolution
		{8DC0DFDF-42CA-4992-A669-1A7AE73D561C}.Debug|Any CPU.ActiveCfg = Debug|Any CPU
		{8DC0DFDF-42CA-4992-A669-1A7AE73D561C}.Debug|Any CPU.Build.0 = Debug|Any CPU
		{8DC0DFDF-42CA-4992-A669-1A7AE73D561C}.Release|Any CPU.ActiveCfg = Release|Any CPU
		{8DC0DFDF-42CA-4992-A669-1A7AE73D561C}.Release|Any CPU.Build.0 = Release|Any CPU
		{4A019EDB-0A09-4ACA-B2E0-282FDAFC1A18}.Debug|Any CPU.ActiveCfg = Debug|Any CPU
		{4A019EDB-0A09-4ACA-B2E0-282FDAFC1A18}.Debug|Any CPU.Build.0 = Debug|Any CPU
		{4A019EDB-0A09-4ACA-B2E0-282FDAFC1A18}.Release|Any CPU.ActiveCfg = Release|Any CPU
		{4A019EDB-0A09-4ACA-B2E0-282FDAFC1A18}.Release|Any CPU.Build.0 = Release|Any CPU
	EndGlobalSection
	GlobalSection(SolutionProperties) = preSolution
		HideSolutionNode = FALSE
	EndGlobalSection
	GlobalSection(ExtensibilityGlobals) = postSolution
		SolutionGuid = {5C5116C3-0C8C-442F-B01D-831489A6A423}
	EndGlobalSection
EndGlobal
